
Microsoft Visual Studio Solution File, Format Version 12.00
# Visual Studio 14
VisualStudioVersion = 14.0.25123.0
MinimumVisualStudioVersion = 10.0.40219.1
Project("{FAE04EC0-301F-11D3-BF4B-00C04F79EFBC}") = "EmployeeService", "EmployeeService\EmployeeService.csproj", "{5D5CA6A4-BD85-4677-9D7D-D6F24FBB5F67}"
EndProject
Project("{FAE04EC0-301F-11D3-BF4B-00C04F79EFBC}") = "EmployeeServiceHost", "EmployeeServiceHost\EmployeeServiceHost.csproj", "{364DC645-7A6A-4FD2-A443-E68A4D5B00BF}"
EndProject
Global
	GlobalSection(SolutionConfigurationPlatforms) = preSolution
		Debug|Any CPU = Debug|Any CPU
		Release|Any CPU = Release|Any CPU
	EndGlobalSection
	GlobalSection(ProjectConfigurationPlatforms) = postSolution
		{5D5CA6A4-BD85-4677-9D7D-D6F24FBB5F67}.Debug|Any CPU.ActiveCfg = Debug|Any CPU
		{5D5CA6A4-BD85-4677-9D7D-D6F24FBB5F67}.Debug|Any CPU.Build.0 = Debug|Any CPU
		{5D5CA6A4-BD85-4677-9D7D-D6F24FBB5F67}.Release|Any CPU.ActiveCfg = Release|Any CPU
		{5D5CA6A4-BD85-4677-9D7D-D6F24FBB5F67}.Release|Any CPU.Build.0 = Release|Any CPU
		{364DC645-7A6A-4FD2-A443-E68A4D5B00BF}.Debug|Any CPU.ActiveCfg = Debug|Any CPU
		{364DC645-7A6A-4FD2-A443-E68A4D5B00BF}.Debug|Any CPU.Build.0 = Debug|Any CPU
		{364DC645-7A6A-4FD2-A443-E68A4D5B00BF}.Release|Any CPU.ActiveCfg = Release|Any CPU
		{364DC645-7A6A-4FD2-A443-E68A4D5B00BF}.Release|Any CPU.Build.0 = Release|Any CPU
	EndGlobalSection
	GlobalSection(SolutionProperties) = preSolution
		HideSolutionNode = FALSE
	EndGlobalSection
EndGlobal
